version = 1
revision = 3
requires-python = ">=3.14"

[[package]]
name = "aiosqlite"
version = "0.22.1"
source = { registry = "https://pypi.org/simple" }
sdist = { url = "https://files.pythonhosted.org/packages/4e/8a/64761f4005f17809769d23e518d915db74e6310474e733e3593cfc854ef1/aiosqlite-0.22.1.tar.gz", hash = "sha256:043e0bd78d32888c0a9ca90fc788b38796843360c855a7262a532813133a0650", size = 14821, upload-time = "2025-12-23T19:25:43.997Z" }
wheels = [
    { url = "https://files.pythonhosted.org/packages/00/b7/e3bf5133d697a08128598c8d0abc5e16377b51465a33756de24fa7dee953/aiosqlite-0.22.1-py3-none-any.whl", hash = "sha256:21c002eb13823fad740196c5a2e9d8e62f6243bd9e7e4a1f87fb5e44ecb4fceb", size = 17405, upload-time = "2025-12-23T19:25:42.139Z" },
]

[[package]]
name = "alembic"
version = "1.18.4"
source = { registry = "https://pypi.org/simple" }
dependencies = [
    { name = "mako" },
    { name = "sqlalchemy" },
    { name = "typing-extensions" },
]
sdist = { url = "https://files.pythonhosted.org/packages/94/13/8b084e0f2efb0275a1d534838844926f798bd766566b1375174e2448cd31/alembic-1.18.4.tar.gz", hash = "sha256:cb6e1fd84b6174ab8dbb2329f86d631ba9559dd78df550b57804d607672cedbc", size = 2056725, upload-time = "2026-02-10T16:00:47.195Z" }
wheels = [
    { url = "https://files.pythonhosted.org/packages/d2/29/6533c317b74f707ea28f8d633734dbda2119bbadfc61b2f3640ba835d0f7/alembic-1.18.4-py3-none-any.whl", hash = "sha256:a5ed4adcf6d8a4cb575f3d759f071b03cd6e5c7618eb796cb52497be25bfe19a", size = 263893, upload-time = "2026-02-10T16:00:49.997Z" },
]

[[package]]
name = "bcrypt"
version = "4.3.0"
source = { registry = "https://pypi.org/simple" }
sdist = { url = "https://files.pythonhosted.org/packages/bb/5d/6d7433e0f3cd46ce0b43cd65e1db465ea024dbb8216fb2404e919c2ad77b/bcrypt-4.3.0.tar.gz", hash = "sha256:3a3fd2204178b6d2adcf09cb4f6426ffef54762577a7c9b54c159008cb288c18", size = 25697, upload-time = "2025-02-28T01:24:09.174Z" }
wheels = [
    { url = "https://files.pythonhosted.org/packages/11/22/5ada0b9af72b60cbc4c9a399fdde4af0feaa609d27eb0adc61607997a3fa/bcrypt-4.3.0-cp38-abi3-macosx_10_12_universal2.whl", hash = "sha256:f81b0ed2639568bf14749112298f9e4e2b28853dab50a8b357e31798686a036d", size = 498019, upload-time = "2025-02-28T01:23:05.838Z" },
    { url = "https://files.pythonhosted.org/packages/b8/8c/252a1edc598dc1ce57905be173328eda073083826955ee3c97c7ff5ba584/bcrypt-4.3.0-cp38-abi3-manylinux_2_17_aarch64.manylinux2014_aarch64.whl", hash = "sha256:864f8f19adbe13b7de11ba15d85d4a428c7e2f344bac110f667676a0ff84924b", size = 279174, upload-time = "2025-02-28T01:23:07.274Z" },
    { url = "https://files.pythonhosted.org/packages/29/5b/4547d5c49b85f0337c13929f2ccbe08b7283069eea3550a457914fc078aa/bcrypt-4.3.0-cp38-abi3-manylinux_2_17_x86_64.manylinux2014_x86_64.whl", hash = "sha256:3e36506d001e93bffe59754397572f21bb5dc7c83f54454c990c74a468cd589e", size = 283870, upload-time = "2025-02-28T01:23:09.151Z" },
    { url = "https://files.pythonhosted.org/packages/be/21/7dbaf3fa1745cb63f776bb046e481fbababd7d344c5324eab47f5ca92dd2/bcrypt-4.3.0-cp38-abi3-manylinux_2_28_aarch64.whl", hash = "sha256:842d08d75d9fe9fb94b18b071090220697f9f184d4547179b60734846461ed59", size = 279601, upload-time = "2025-02-28T01:23:11.461Z" },
    { url = "https://files.pythonhosted.org/packages/6d/64/e042fc8262e971347d9230d9abbe70d68b0a549acd8611c83cebd3eaec67/bcrypt-4.3.0-cp38-abi3-manylinux_2_28_armv7l.manylinux_2_31_armv7l.whl", hash = "sha256:7c03296b85cb87db865d91da79bf63d5609284fc0cab9472fdd8367bbd830753", size = 297660, upload-time = "2025-02-28T01:23:12.989Z" },
    { url = "https://files.pythonhosted.org/packages/50/b8/6294eb84a3fef3b67c69b4470fcdd5326676806bf2519cda79331ab3c3a9/bcrypt-4.3.0-cp38-abi3-manylinux_2_28_x86_64.whl", hash = "sha256:62f26585e8b219cdc909b6a0069efc5e4267e25d4a3770a364ac58024f62a761", size = 284083, upload-time = "2025-02-28T01:23:14.5Z" },
    { url = "https://files.pythonhosted.org/packages/62/e6/baff635a4f2c42e8788fe1b1633911c38551ecca9a749d1052d296329da6/bcrypt-4.3.0-cp38-abi3-manylinux_2_34_aarch64.whl", hash = "sha256:beeefe437218a65322fbd0069eb437e7c98137e08f22c4660ac2dc795c31f8bb", size = 279237, upload-time = "2025-02-28T01:23:16.686Z" },
    { url = "https://files.pythonhosted.org/packages/39/48/46f623f1b0c7dc2e5de0b8af5e6f5ac4cc26408ac33f3d424e5ad8da4a90/bcrypt-4.3.0-cp38-abi3-manylinux_2_34_x86_64.whl", hash = "sha256:97eea7408db3a5bcce4a55d13245ab3fa566e23b4c67cd227062bb49e26c585d", size = 283737, upload-time = "2025-02-28T01:23:18.897Z" },
    { url = "https://files.pythonhosted.org/packages/49/8b/70671c3ce9c0fca4a6cc3cc6ccbaa7e948875a2e62cbd146e04a4011899c/bcrypt-4.3.0-cp38-abi3-musllinux_1_1_aarch64.whl", hash = "sha256:191354ebfe305e84f344c5964c7cd5f924a3bfc5d405c75ad07f232b6dffb49f", size = 312741, upload-time = "2025-02-28T01:23:21.041Z" },
    { url = "https://files.pythonhosted.org/packages/27/fb/910d3a1caa2d249b6040a5caf9f9866c52114d51523ac2fb47578a27faee/bcrypt-4.3.0-cp38-abi3-musllinux_1_1_x86_64.whl", hash = "sha256:41261d64150858eeb5ff43c753c4b216991e0ae16614a308a15d909503617732", size = 316472, upload-time = "2025-02-28T01:23:23.183Z" },
    { url = "https://files.pythonhosted.org/packages/dc/cf/7cf3a05b66ce466cfb575dbbda39718d45a609daa78500f57fa9f36fa3c0/bcrypt-4.3.0-cp38-abi3-musllinux_1_2_aarch64.whl", hash = "sha256:33752b1ba962ee793fa2b6321404bf20011fe45b9afd2a842139de3011898fef", size = 343606, upload-time = "2025-02-28T01:23:25.361Z" },
    { url = "https://files.pythonhosted.org/packages/e3/b8/e970ecc6d7e355c0d892b7f733480f4aa8509f99b33e71550242cf0b7e63/bcrypt-4.3.0-cp38-abi3-musllinux_1_2_x86_64.whl", hash = "sha256:50e6e80a4bfd23a25f5c05b90167c19030cf9f87930f7cb2eacb99f45d1c3304", size = 362867, upload-time = "2025-02-28T01:23:26.875Z" },
    { url = "https://files.pythonhosted.org/packages/a9/97/8d3118efd8354c555a3422d544163f40d9f236be5b96c714086463f11699/bcrypt-4.3.0-cp38-abi3-win32.whl", hash = "sha256:67a561c4d9fb9465ec866177e7aebcad08fe23aaf6fbd692a6fab69088abfc51", size = 160589, upload-time = "2025-02-28T01:23:28.381Z" },
    { url = "https://files.pythonhosted.org/packages/29/07/416f0b99f7f3997c69815365babbc2e8754181a4b1899d921b3c7d5b6f12/bcrypt-4.3.0-cp38-abi3-win_amd64.whl", hash = "sha256:584027857bc2843772114717a7490a37f68da563b3620f78a849bcb54dc11e62", size = 152794, upload-time = "2025-02-28T01:23:30.187Z" },
    { url = "https://files.pythonhosted.org/packages/6e/c1/3fa0e9e4e0bfd3fd77eb8b52ec198fd6e1fd7e9402052e43f23483f956dd/bcrypt-4.3.0-cp39-abi3-macosx_10_12_universal2.whl", hash = "sha256:0d3efb1157edebfd9128e4e46e2ac1a64e0c1fe46fb023158a407c7892b0f8c3", size = 498969, upload-time = "2025-02-28T01:23:31.945Z" },
    { url = "https://files.pythonhosted.org/packages/ce/d4/755ce19b6743394787fbd7dff6bf271b27ee9b5912a97242e3caf125885b/bcrypt-4.3.0-cp39-abi3-manylinux_2_17_aarch64.manylinux2014_aarch64.whl", hash = "sha256:08bacc884fd302b611226c01014eca277d48f0a05187666bca23aac0dad6fe24", size = 279158, upload-time = "2025-02-28T01:23:34.161Z" },
    { url = "https://files.pythonhosted.org/packages/9b/5d/805ef1a749c965c46b28285dfb5cd272a7ed9fa971f970435a5133250182/bcrypt-4.3.0-cp39-abi3-manylinux_2_17_x86_64.manylinux2014_x86_64.whl", hash = "sha256:f6746e6fec103fcd509b96bacdfdaa2fbde9a553245dbada284435173a6f1aef", size = 284285, upload-time = "2025-02-28T01:23:35.765Z" },
    { url = "https://files.pythonhosted.org/packages/ab/2b/698580547a4a4988e415721b71eb45e80c879f0fb04a62da131f45987b96/bcrypt-4.3.0-cp39-abi3-manylinux_2_28_aarch64.whl", hash = "sha256:afe327968aaf13fc143a56a3360cb27d4ad0345e34da12c7290f1b00b8fe9a8b", size = 279583, upload-time = "2025-02-28T01:23:38.021Z" },
    { url = "https://files.pythonhosted.org/packages/f2/87/62e1e426418204db520f955ffd06f1efd389feca893dad7095bf35612eec/bcrypt-4.3.0-cp39-abi3-manylinux_2_28_armv7l.manylinux_2_31_armv7l.whl", hash = "sha256:d9af79d322e735b1fc33404b5765108ae0ff232d4b54666d46730f8ac1a43676", size = 297896, upload-time = "2025-02-28T01:23:39.575Z" },
    { url = "https://files.pythonhosted.org/packages/cb/c6/8fedca4c2ada1b6e889c52d2943b2f968d3427e5d65f595620ec4c06fa2f/bcrypt-4.3.0-cp39-abi3-manylinux_2_28_x86_64.whl", hash = "sha256:f1e3ffa1365e8702dc48c8b360fef8d7afeca482809c5e45e653af82ccd088c1", size = 284492, upload-time = "2025-02-28T01:23:40.901Z" },
    { url = "https://files.pythonhosted.org/packages/4d/4d/c43332dcaaddb7710a8ff5269fcccba97ed3c85987ddaa808db084267b9a/bcrypt-4.3.0-cp39-abi3-manylinux_2_34_aarch64.whl", hash = "sha256:3004df1b323d10021fda07a813fd33e0fd57bef0e9a480bb143877f6cba996fe", size = 279213, upload-time = "2025-02-28T01:23:42.653Z" },
    { url = "https://files.pythonhosted.org/packages/dc/7f/1e36379e169a7df3a14a1c160a49b7b918600a6008de43ff20d479e6f4b5/bcrypt-4.3.0-cp39-abi3-manylinux_2_34_x86_64.whl", hash = "sha256:531457e5c839d8caea9b589a1bcfe3756b0547d7814e9ce3d437f17da75c32b0", size = 284162, upload-time = "2025-02-28T01:23:43.964Z" },
    { url = "https://files.pythonhosted.org/packages/1c/0a/644b2731194b0d7646f3210dc4d80c7fee3ecb3a1f791a6e0ae6bb8684e3/bcrypt-4.3.0-cp39-abi3-musllinux_1_1_aarch64.whl", hash = "sha256:17a854d9a7a476a89dcef6c8bd119ad23e0f82557afbd2c442777a16408e614f", size = 312856, upload-time = "2025-02-28T01:23:46.011Z" },
    { url = "https://files.pythonhosted.org/packages/dc/62/2a871837c0bb6ab0c9a88bf54de0fc021a6a08832d4ea313ed92a669d437/bcrypt-4.3.0-cp39-abi3-musllinux_1_1_x86_64.whl", hash = "sha256:6fb1fd3ab08c0cbc6826a2e0447610c6f09e983a281b919ed721ad32236b8b23", size = 316726, upload-time = "2025-02-28T01:23:47.575Z" },
    { url = "https://files.pythonhosted.org/packages/0c/a1/9898ea3faac0b156d457fd73a3cb9c2855c6fd063e44b8522925cdd8ce46/bcrypt-4.3.0-cp39-abi3-musllinux_1_2_aarch64.whl", hash = "sha256:e965a9c1e9a393b8005031ff52583cedc15b7884fce7deb8b0346388837d6cfe", size = 343664, upload-time = "2025-02-28T01:23:49.059Z" },
    { url = "https://files.pythonhosted.org/packages/40/f2/71b4ed65ce38982ecdda0ff20c3ad1b15e71949c78b2c053df53629ce940/bcrypt-4.3.0-cp39-abi3-musllinux_1_2_x86_64.whl", hash = "sha256:79e70b8342a33b52b55d93b3a59223a844962bef479f6a0ea318ebbcadf71505", size = 363128, upload-time = "2025-02-28T01:23:50.399Z" },
    { url = "https://files.pythonhosted.org/packages/11/99/12f6a58eca6dea4be992d6c681b7ec9410a1d9f5cf368c61437e31daa879/bcrypt-4.3.0-cp39-abi3-win32.whl", hash = "sha256:b4d4e57f0a63fd0b358eb765063ff661328f69a04494427265950c71b992a39a", size = 160598, upload-time = "2025-02-28T01:23:51.775Z" },
    { url = "https://files.pythonhosted.org/packages/a9/cf/45fb5261ece3e6b9817d3d82b2f343a505fd58674a92577923bc500bd1aa/bcrypt-4.3.0-cp39-abi3-win_amd64.whl", hash = "sha256:e53e074b120f2877a35cc6c736b8eb161377caae8925c17688bd46ba56daaa5b", size = 152799, upload-time = "2025-02-28T01:23:53.139Z" },
]

[[package]]
name = "greenlet"
version = "3.5.1"
source = { registry = "https://pypi.org/simple" }
sdist = { url = "https://files.pythonhosted.org/packages/6d/6e/802acd792aebb2256fbbee8cacf2727faaeb6f240ac11008f09eae4414bc/greenlet-3.5.1.tar.gz", hash = "sha256:5a56aeb7d5d9cc4b3a735efb5095bd4b4f6f0e4f93e5ca876d0e2315137b7829", size = 197356, upload-time = "2026-05-20T15:05:03.917Z" }
wheels = [
    { url = "https://files.pythonhosted.org/packages/8a/cb/c62454606daf5640369c94d8a9dd540599b1bfc090e2d2180cb77f4038d2/greenlet-3.5.1-cp314-cp314-macosx_11_0_universal2.whl", hash = "sha256:d8ab31c9de8651a2facdd5c5bb0011f2380dd1a7af78ce2adf4b56095294fc07", size = 285579, upload-time = "2026-05-20T13:08:56.396Z" },
    { url = "https://files.pythonhosted.org/packages/ec/71/c4270398c2eba968a6071af1dfbdcaeee6ec1c24bc8b435b8cc452700da6/greenlet-3.5.1-cp314-cp314-manylinux_2_24_aarch64.manylinux_2_28_aarch64.whl", hash = "sha256:5e300185139abc337ade480c327183adf42a875ac7181bfe66d7d4efea31fbea", size = 651106, upload-time = "2026-05-20T14:00:09.448Z" },
    { url = "https://files.pythonhosted.org/packages/1a/ab/71e34b78a44ec271fb5f550c17bc46d301ddc5953890d935f270b0dcdb5a/greenlet-3.5.1-cp314-cp314-manylinux_2_24_ppc64le.manylinux_2_28_ppc64le.whl", hash = "sha256:7ffdb990dcaa0234cf9845aead5df2e3c3a8b6507d409274dd87e0d5ab05ffc2", size = 663478, upload-time = "2026-05-20T14:05:45.88Z" },
    { url = "https://files.pythonhosted.org/packages/c6/2d/2d80842910da44f78c286532d084b8a5c3717c844ae80ceb3858738ae89a/greenlet-3.5.1-cp314-cp314-manylinux_2_24_s390x.manylinux_2_28_s390x.whl", hash = "sha256:6c09df69dc1712d131332054a858a3e5cca400967fa3a672e2324fbb0971448c", size = 667767, upload-time = "2026-05-20T14:09:12.15Z" },
    { url = "https://files.pythonhosted.org/packages/77/96/4efd6fa5c62c85426a0c19077a586258ebc3a2a146ff2493e4312a697a22/greenlet-3.5.1-cp314-cp314-manylinux_2_24_x86_64.manylinux_2_28_x86_64.whl", hash = "sha256:2f82b3597e9d83b63408affed0b48fd0f54935edac4302237b9a837be0dae33c", size = 660800, upload-time = "2026-05-20T13:14:29.129Z" },
    { url = "https://files.pythonhosted.org/packages/e9/d3/dad2eecedfbb1ed7050a20dcfae40c1442b74bc7423608be2c7e03ee7133/greenlet-3.5.1-cp314-cp314-manylinux_2_39_riscv64.whl", hash = "sha256:a4764e0bfc6a4d114c865b32520805c16a990ef5f286a514413b05d5ecd6a23d", size = 470786, upload-time = "2026-05-20T14:01:42.064Z" },
    { url = "https://files.pythonhosted.org/packages/7a/e0/6c71401a25cac7000261304e866a2f2cc04dc74810d40e2f118aa4799495/greenlet-3.5.1-cp314-cp314-musllinux_1_2_aarch64.whl", hash = "sha256:c0141e37414c10164e702b8fb1473304221ad98f71600850c6ef7ff4880feba0", size = 1617518, upload-time = "2026-05-20T14:02:28.662Z" },
    { url = "https://files.pythonhosted.org/packages/41/26/c5c06643e8c0af9e7bf18e16cb51d0ab7625155f0392e1c9015d66d556cd/greenlet-3.5.1-cp314-cp314-musllinux_1_2_x86_64.whl", hash = "sha256:50ae25a67bea74ea41fb14b960bc532df73eb713417b2d61892dced82fe8d3bc", size = 1681593, upload-time = "2026-05-20T13:14:39.417Z" },
    { url = "https://files.pythonhosted.org/packages/8a/bd/e11a108317485075e68af9d23039619b86b28130c3b50d227d42edece64b/greenlet-3.5.1-cp314-cp314-win_amd64.whl", hash = "sha256:8a17c42330e261299766b75ac1ea32caa437a9453c8f65d16a13140db378ecd3", size = 239800, upload-time = "2026-05-20T13:09:30.128Z" },
    { url = "https://files.pythonhosted.org/packages/47/f8/8e8e8417b7bf28639a5a56356ef934d0375e1d0c70a57e04d7701e870ffe/greenlet-3.5.1-cp314-cp314-win_arm64.whl", hash = "sha256:7b5f5fae05b8ac6d176a61b60c394a8cbdc2b5b91b81793066e68745cf165e54", size = 236862, upload-time = "2026-05-20T13:09:10.498Z" },
    { url = "https://files.pythonhosted.org/packages/90/12/41bf27fde4d3605d3773ae57751eda182b8be2f5398011c041173b1d9534/greenlet-3.5.1-cp314-cp314t-macosx_11_0_universal2.whl", hash = "sha256:ea8da1e900d758d078810d4255d8c6aa572181896a31ec79d779eb79c3adc9ad", size = 293637, upload-time = "2026-05-20T13:12:35.529Z" },
    { url = "https://files.pythonhosted.org/packages/44/44/ba14b23e9757707050c2f397d305bbcae62e5d7cad122f8b6baec5ae4a1f/greenlet-3.5.1-cp314-cp314t-manylinux_2_24_aarch64.manylinux_2_28_aarch64.whl", hash = "sha256:a19570c52a21420dcbc94e661994bc325c0b5b11304540fed514586da5dc8f2e", size = 650840, upload-time = "2026-05-20T14:00:11.079Z" },
    { url = "https://files.pythonhosted.org/packages/a8/37/5ddc2b686a6844f91abecef43411842426da2e1573f60b49ecf2547f4ae1/greenlet-3.5.1-cp314-cp314t-manylinux_2_24_ppc64le.manylinux_2_28_ppc64le.whl", hash = "sha256:3d955c89b75eeca4723d7cc14135f393cd47c32e2a6cb4a8e4c6e760a26b0986", size = 656416, upload-time = "2026-05-20T14:05:47.118Z" },
    { url = "https://files.pythonhosted.org/packages/8c/46/5987dcd1a2570ba84f3b187536b2ca3ae97613387e57f5cfa99df068fe5e/greenlet-3.5.1-cp314-cp314t-manylinux_2_24_s390x.manylinux_2_28_s390x.whl", hash = "sha256:ea37d5a157eb9493820d3792ac4ece28619a394391d2b9f2f78057d396ff0f0f", size = 656607, upload-time = "2026-05-20T14:09:13.949Z" },
    { url = "https://files.pythonhosted.org/packages/e1/f0/d17510297c35a2992712f0bf84de3779749999f7d3d63aa1f09db7c62dbe/greenlet-3.5.1-cp314-cp314t-manylinux_2_24_x86_64.manylinux_2_28_x86_64.whl", hash = "sha256:de2daaaebd1a5aa88c49045b6baf9310b3263796bd88db713edf37cf53e7bb4e", size = 654397, upload-time = "2026-05-20T13:14:30.696Z" },
    { url = "https://files.pythonhosted.org/packages/2c/c1/6da0a9ddcc29d7e51ef14883fa3dc1e53b3f4ffba00582106c7bf55da1d8/greenlet-3.5.1-cp314-cp314t-manylinux_2_39_riscv64.whl", hash = "sha256:8d8a23250ea3ec7b36de8fa4b541e9e2db3ee82915cc060ab0631609ad8b28de", size = 488287, upload-time = "2026-05-20T14:01:43.143Z" },
    { url = "https://files.pythonhosted.org/packages/37/eb/147387705bb89092645b012586e7273cb5ed3c90ef7eaf3a69173eaf0209/greenlet-3.5.1-cp314-cp314t-musllinux_1_2_aarch64.whl", hash = "sha256:3bfbd69cc349e43bf3a8ae1c85548ff0718efc887615c2db16c3833d7b0b072d", size = 1614469, upload-time = "2026-05-20T14:02:30.192Z" },
    { url = "https://files.pythonhosted.org/packages/a6/4e/37ee0da7732b7aa9896f17e15579a9df34b9fcb9dd494f0adfa749af6623/greenlet-3.5.1-cp314-cp314t-musllinux_1_2_x86_64.whl", hash = "sha256:4378720dd888136c27215a0214d32a4d37c3852765d45bc37aad0623423cfd78", size = 1675115, upload-time = "2026-05-20T13:14:40.972Z" },
    { url = "https://files.pythonhosted.org/packages/57/f3/97dfcf4a6eb5077f8a672234216fb5923eb89f2cab7081cb10b2cf75b605/greenlet-3.5.1-cp314-cp314t-win_amd64.whl", hash = "sha256:45718441607f9325d948db98cbc691276059316d0358c188c246da4e1d4d23d2", size = 245246, upload-time = "2026-05-20T13:12:22.646Z" },
    { url = "https://files.pythonhosted.org/packages/5d/73/d7f72e34b582f694f4a9b248162db7b09cc458a259ba8f0c0bfa1a34ea7d/greenlet-3.5.1-cp315-cp315-macosx_11_0_universal2.whl", hash = "sha256:2baee5ca02031757ffe8cc3d69f0cc0aec7065ce362622da74f32d3bcab1c541", size = 285575, upload-time = "2026-05-20T13:12:07.043Z" },
    { url = "https://files.pythonhosted.org/packages/df/59/fa9c6e87dc8ad27a95dabe2f29f372b733d05a8a67470f6c901ed9975655/greenlet-3.5.1-cp315-cp315-manylinux_2_24_aarch64.manylinux_2_28_aarch64.whl", hash = "sha256:9b1ec3274918a81d3ea778b9e75b56b72b33f300edb6cf7f3a7fe1dae56683de", size = 656428, upload-time = "2026-05-20T14:00:12.556Z" },
    { url = "https://files.pythonhosted.org/packages/f6/f9/e753408871eaa61dfe35e619cfc67512b036fde99893685d50eea9e07146/greenlet-3.5.1-cp315-cp315-manylinux_2_24_ppc64le.manylinux_2_28_ppc64le.whl", hash = "sha256:111e2390ffffc47d5840b01711dd7fac07d4c09283d0283e7f3264b14e284c64", size = 667064, upload-time = "2026-05-20T14:05:48.662Z" },
    { url = "https://files.pythonhosted.org/packages/dc/74/807a047255bf1e09303627c46dc043dca596b6958a354d904f32ab382005/greenlet-3.5.1-cp315-cp315-manylinux_2_24_s390x.manylinux_2_28_s390x.whl", hash = "sha256:10a9a1c0bfbc93d41156ffcb90c75fbc05544054faf15dcc1fdf9765f8b607f0", size = 672962, upload-time = "2026-05-20T14:09:15.532Z" },
    { url = "https://files.pythonhosted.org/packages/96/27/5565b5b40389f1c7753003a07e21892fda8660926787036d5bc0308b8113/greenlet-3.5.1-cp315-cp315-manylinux_2_24_x86_64.manylinux_2_28_x86_64.whl", hash = "sha256:e630136e905fe5ff43e86945ae41220b6d1470956a39220e708110ac48d01ea5", size = 665697, upload-time = "2026-05-20T13:14:32.943Z" },
    { url = "https://files.pythonhosted.org/packages/76/32/19d4e13225193c29b13e308015223f7d75fd3d8623d49dd19040d2ce8ec1/greenlet-3.5.1-cp315-cp315-manylinux_2_39_riscv64.whl", hash = "sha256:ef08c1567c78074b22d1a200183d52d04a14df447bf70bcbb6a3507a48e776fc", size = 476047, upload-time = "2026-05-20T14:01:44.39Z" },
    { url = "https://files.pythonhosted.org/packages/cf/82/e7de4178c0c2d1c9a5a3be3cc0b33e46a85b3ee4a77c071bf7ad8600e079/greenlet-3.5.1-cp315-cp315-musllinux_1_2_aarch64.whl", hash = "sha256:975eac34b44a7077ca4d421348455b94f0f518246a7f14bc6d2fdcfe5b584368", size = 1621256, upload-time = "2026-05-20T14:02:31.91Z" },
    { url = "https://files.pythonhosted.org/packages/00/10/f2dddcf7dacac17dfc68691809589adad06135eb28930429cf58a6467a2f/greenlet-3.5.1-cp315-cp315-musllinux_1_2_x86_64.whl", hash = "sha256:9ab3c3a0b2ae6198e67c898dad5215a49f9ae0d0081b3c3ec59f333e39eeca26", size = 1685956, upload-time = "2026-05-20T13:14:42.55Z" },
    { url = "https://files.pythonhosted.org/packages/22/17/4a232b32133230ada52f70e9d7f5b65b0caef8772f01849bd8d149e7e4ca/greenlet-3.5.1-cp315-cp315-win_amd64.whl", hash = "sha256:cbfc69be86e10dcfef5b1e6269d1d6926552aa89ee39e1de3353360c1b6989ab", size = 239802, upload-time = "2026-05-20T13:13:15.481Z" },
    { url = "https://files.pythonhosted.org/packages/c2/ae/4e623a7e6d4d2a5f4cb8e4c82de4169fc637942caae68d6e676b8a128ac5/greenlet-3.5.1-cp315-cp315-win_arm64.whl", hash = "sha256:92fd6d44ac5e5a887c8a5dc4a8ba0ba908527c31c12f78c6bc7dcfe8aab279f6", size = 236853, upload-time = "2026-05-20T13:15:37.301Z" },
    { url = "https://files.pythonhosted.org/packages/7a/57/816d9cff29119da3505b3d6a5e14a8af89006ac36f47f891ff293ee05af1/greenlet-3.5.1-cp315-cp315t-macosx_11_0_universal2.whl", hash = "sha256:a6fdf2433a5441ef9a95464f7c3e674775da1c8c1177fff311cee1acad4626ed", size = 293877, upload-time = "2026-05-20T13:10:19.078Z" },
    { url = "https://files.pythonhosted.org/packages/23/a1/59b0a7c7d140ff1a75626680b9a9899b79a9176cab298b394968fb023295/greenlet-3.5.1-cp315-cp315t-manylinux_2_24_aarch64.manylinux_2_28_aarch64.whl", hash = "sha256:7546556f0d649f99f6a361098a55f761181bb2ea12ff150bb16d26092ad88244", size = 655333, upload-time = "2026-05-20T14:00:14.758Z" },
    { url = "https://files.pythonhosted.org/packages/72/1b/5efe127597625042218939d01855109f352779050768b670b52edcc16a6c/greenlet-3.5.1-cp315-cp315t-manylinux_2_24_ppc64le.manylinux_2_28_ppc64le.whl", hash = "sha256:d5ee3ea898009fa898f85f9982255d35278c477bebe185beca249cab42d4526c", size = 659443, upload-time = "2026-05-20T14:05:50.159Z" },
    { url = "https://files.pythonhosted.org/packages/c9/9d/1dcdf7b95ab3cf8c7b6d7277c18a5e167312f2b362ddfcc5d5e6d8d84b43/greenlet-3.5.1-cp315-cp315t-manylinux_2_24_s390x.manylinux_2_28_s390x.whl", hash = "sha256:a57b0d05a0448eed231d59c0ceb287dde984551e54cbc51ac2d4865712838e9c", size = 659998, upload-time = "2026-05-20T14:09:16.912Z" },
    { url = "https://files.pythonhosted.org/packages/6c/6d/c404246ea4d22d097a7426d0efb5b781bd7eb67715f09e79001bd552ab18/greenlet-3.5.1-cp315-cp315t-manylinux_2_24_x86_64.manylinux_2_28_x86_64.whl", hash = "sha256:a5c81f74d204d3edd136ebfd50dce53acbb776995d721a0fe801626cfc93b8cd", size = 658356, upload-time = "2026-05-20T13:14:35.091Z" },
    { url = "https://files.pythonhosted.org/packages/05/7e/c4959664fc231d587d66d8e81f2095e98056ba1954beafdcbe635e251052/greenlet-3.5.1-cp315-cp315t-manylinux_2_39_riscv64.whl", hash = "sha256:b0703c2cef53e01baec47f7a3868009913ad71ec678bbecb42a6f40895e4ce62", size = 494470, upload-time = "2026-05-20T14:01:45.611Z" },
    { url = "https://files.pythonhosted.org/packages/51/02/f8ee37fb6d2219329f350af241c27fcf12df57e723d11f6fc6d3bacdadaa/greenlet-3.5.1-cp315-cp315t-musllinux_1_2_aarch64.whl", hash = "sha256:2c18ef16bf6d4dd410e4dd52996888ea1497be26892fe5bbc73580aba4287b8e", size = 1619216, upload-time = "2026-05-20T14:02:33.403Z" },
    { url = "https://files.pythonhosted.org/packages/93/c5/3dc9475ace2c7a3680da12372cddd7f1ac874eb410a1ac48d3e9dab83782/greenlet-3.5.1-cp315-cp315t-musllinux_1_2_x86_64.whl", hash = "sha256:17d86354f0ae6b61bf9be5148d0dd34e06c3cb7c602c671f79f29ac3b150e659", size = 1678427, upload-time = "2026-05-20T13:14:43.71Z" },
    { url = "https://files.pythonhosted.org/packages/df/4e/750c15c317a41ffb36f0bf40b933e3d744a7dede61889f74443ea69690cf/greenlet-3.5.1-cp315-cp315t-win_amd64.whl", hash = "sha256:e7516cf6ae6b8a582c2770a0caed47b8a48373ed732c33d69a72913ae6ac923e", size = 245225, upload-time = "2026-05-20T13:13:59.366Z" },
    { url = "https://files.pythonhosted.org/packages/4f/fd/d3baea2eeb7b617efd47e87ca06e2ec2c6118d303aa9e918e0ce16eadc10/greenlet-3.5.1-cp315-cp315t-win_arm64.whl", hash = "sha256:5028648bf2253ec4745add746129d3904121fa7fe871a76bed23c5720573ce0a", size = 239590, upload-time = "2026-05-20T13:13:37.382Z" },
]

[[package]]
name = "mako"
version = "1.3.12"
source = { registry = "https://pypi.org/simple" }
dependencies = [
    { name = "markupsafe" },
]
sdist = { url = "https://files.pythonhosted.org/packages/00/62/791b31e69ae182791ec67f04850f2f062716bbd205483d63a215f3e062d3/mako-1.3.12.tar.gz", hash = "sha256:9f778e93289bd410bb35daadeb4fc66d95a746f0b75777b942088b7fd7af550a", size = 400219, upload-time = "2026-04-28T19:01:08.512Z" }
wheels = [
    { url = "https://files.pythonhosted.org/packages/bc/b1/a0ec7a5a9db730a08daef1fdfb8090435b82465abbf758a596f0ea88727e/mako-1.3.12-py3-none-any.whl", hash = "sha256:8f61569480282dbf557145ce441e4ba888be453c30989f879f0d652e39f53ea9", size = 78521, upload-time = "2026-04-28T19:01:10.393Z" },
]

[[package]]
name = "markupsafe"
version = "3.0.3"
source = { registry = "https://pypi.org/simple" }
sdist = { url = "https://files.pythonhosted.org/packages/7e/99/7690b6d4034fffd95959cbe0c02de8deb3098cc577c67bb6a24fe5d7caa7/markupsafe-3.0.3.tar.gz", hash = "sha256:722695808f4b6457b320fdc131280796bdceb04ab50fe1795cd540799ebe1698", size = 80313, upload-time = "2025-09-27T18:37:40.426Z" }
wheels = [
    { url = "https://files.pythonhosted.org/packages/33/8a/8e42d4838cd89b7dde187011e97fe6c3af66d8c044997d2183fbd6d31352/markupsafe-3.0.3-cp314-cp314-macosx_10_13_x86_64.whl", hash = "sha256:eaa9599de571d72e2daf60164784109f19978b327a3910d3e9de8c97b5b70cfe", size = 11619, upload-time = "2025-09-27T18:37:06.342Z" },
    { url = "https://files.pythonhosted.org/packages/b5/64/7660f8a4a8e53c924d0fa05dc3a55c9cee10bbd82b11c5afb27d44b096ce/markupsafe-3.0.3-cp314-cp314-macosx_11_0_arm64.whl", hash = "sha256:c47a551199eb8eb2121d4f0f15ae0f923d31350ab9280078d1e5f12b249e0026", size = 12029, upload-time = "2025-09-27T18:37:07.213Z" },
    { url = "https://files.pythonhosted.org/packages/da/ef/e648bfd021127bef5fa12e1720ffed0c6cbb8310c8d9bea7266337ff06de/markupsafe-3.0.3-cp314-cp314-manylinux2014_aarch64.manylinux_2_17_aarch64.manylinux_2_28_aarch64.whl", hash = "sha256:f34c41761022dd093b4b6896d4810782ffbabe30f2d443ff5f083e0cbbb8c737", size = 24408, upload-time = "2025-09-27T18:37:09.572Z" },
    { url = "https://files.pythonhosted.org/packages/41/3c/a36c2450754618e62008bf7435ccb0f88053e07592e6028a34776213d877/markupsafe-3.0.3-cp314-cp314-manylinux2014_x86_64.manylinux_2_17_x86_64.manylinux_2_28_x86_64.whl", hash = "sha256:457a69a9577064c05a97c41f4e65148652db078a3a509039e64d3467b9e7ef97", size = 23005, upload-time = "2025-09-27T18:37:10.58Z" },
    { url = "https://files.pythonhosted.org/packages/bc/20/b7fdf89a8456b099837cd1dc21974632a02a999ec9bf7ca3e490aacd98e7/markupsafe-3.0.3-cp314-cp314-manylinux_2_31_riscv64.manylinux_2_39_riscv64.whl", hash = "sha256:e8afc3f2ccfa24215f8cb28dcf43f0113ac3c37c2f0f0806d8c70e4228c5cf4d", size = 22048, upload-time = "2025-09-27T18:37:11.547Z" },
    { url = "https://files.pythonhosted.org/packages/9a/a7/591f592afdc734f47db08a75793a55d7fbcc6902a723ae4cfbab61010cc5/markupsafe-3.0.3-cp314-cp314-musllinux_1_2_aarch64.whl", hash = "sha256:ec15a59cf5af7be74194f7ab02d0f59a62bdcf1a537677ce67a2537c9b87fcda", size = 23821, upload-time = "2025-09-27T18:37:12.48Z" },
    { url = "https://files.pythonhosted.org/packages/7d/33/45b24e4f44195b26521bc6f1a82197118f74df348556594bd2262bda1038/markupsafe-3.0.3-cp314-cp314-musllinux_1_2_riscv64.whl", hash = "sha256:0eb9ff8191e8498cca014656ae6b8d61f39da5f95b488805da4bb029cccbfbaf", size = 21606, upload-time = "2025-09-27T18:37:13.485Z" },
    { url = "https://files.pythonhosted.org/packages/ff/0e/53dfaca23a69fbfbbf17a4b64072090e70717344c52eaaaa9c5ddff1e5f0/markupsafe-3.0.3-cp314-cp314-musllinux_1_2_x86_64.whl", hash = "sha256:2713baf880df847f2bece4230d4d094280f4e67b1e813eec43b4c0e144a34ffe", size = 23043, upload-time = "2025-09-27T18:37:14.408Z" },
    { url = "https://files.pythonhosted.org/packages/46/11/f333a06fc16236d5238bfe74daccbca41459dcd8d1fa952e8fbd5dccfb70/markupsafe-3.0.3-cp314-cp314-win32.whl", hash = "sha256:729586769a26dbceff69f7a7dbbf59ab6572b99d94576a5592625d5b411576b9", size = 14747, upload-time = "2025-09-27T18:37:15.36Z" },
    { url = "https://files.pythonhosted.org/packages/28/52/182836104b33b444e400b14f797212f720cbc9ed6ba34c800639d154e821/markupsafe-3.0.3-cp314-cp314-win_amd64.whl", hash = "sha256:bdc919ead48f234740ad807933cdf545180bfbe9342c2bb451556db2ed958581", size = 15341, upload-time = "2025-09-27T18:37:16.496Z" },
    { url = "https://files.pythonhosted.org/packages/6f/18/acf23e91bd94fd7b3031558b1f013adfa21a8e407a3fdb32745538730382/markupsafe-3.0.3-cp314-cp314-win_arm64.whl", hash = "sha256:5a7d5dc5140555cf21a6fefbdbf8723f06fcd2f63ef108f2854de715e4422cb4", size = 14073, upload-time = "2025-09-27T18:37:17.476Z" },
    { url = "https://files.pythonhosted.org/packages/3c/f0/57689aa4076e1b43b15fdfa646b04653969d50cf30c32a102762be2485da/markupsafe-3.0.3-cp314-cp314t-macosx_10_13_x86_64.whl", hash = "sha256:1353ef0c1b138e1907ae78e2f6c63ff67501122006b0f9abad68fda5f4ffc6ab", size = 11661, upload-time = "2025-09-27T18:37:18.453Z" },
    { url = "https://files.pythonhosted.org/packages/89/c3/2e67a7ca217c6912985ec766c6393b636fb0c2344443ff9d91404dc4c79f/markupsafe-3.0.3-cp314-cp314t-macosx_11_0_arm64.whl", hash = "sha256:1085e7fbddd3be5f89cc898938f42c0b3c711fdcb37d75221de2666af647c175", size = 12069, upload-time = "2025-09-27T18:37:19.332Z" },
    { url = "https://files.pythonhosted.org/packages/f0/00/be561dce4e6ca66b15276e184ce4b8aec61fe83662cce2f7d72bd3249d28/markupsafe-3.0.3-cp314-cp314t-manylinux2014_aarch64.manylinux_2_17_aarch64.manylinux_2_28_aarch64.whl", hash = "sha256:1b52b4fb9df4eb9ae465f8d0c228a00624de2334f216f178a995ccdcf82c4634", size = 25670, upload-time = "2025-09-27T18:37:20.245Z" },
    { url = "https://files.pythonhosted.org/packages/50/09/c419f6f5a92e5fadde27efd190eca90f05e1261b10dbd8cbcb39cd8ea1dc/markupsafe-3.0.3-cp314-cp314t-manylinux2014_x86_64.manylinux_2_17_x86_64.manylinux_2_28_x86_64.whl", hash = "sha256:fed51ac40f757d41b7c48425901843666a6677e3e8eb0abcff09e4ba6e664f50", size = 23598, upload-time = "2025-09-27T18:37:21.177Z" },
    { url = "https://files.pythonhosted.org/packages/22/44/a0681611106e0b2921b3033fc19bc53323e0b50bc70cffdd19f7d679bb66/markupsafe-3.0.3-cp314-cp314t-manylinux_2_31_riscv64.manylinux_2_39_riscv64.whl", hash = "sha256:f190daf01f13c72eac4efd5c430a8de82489d9cff23c364c3ea822545032993e", size = 23261, upload-time = "2025-09-27T18:37:22.167Z" },
    { url = "https://files.pythonhosted.org/packages/5f/57/1b0b3f100259dc9fffe780cfb60d4be71375510e435efec3d116b6436d43/markupsafe-3.0.3-cp314-cp314t-musllinux_1_2_aarch64.whl", hash = "sha256:e56b7d45a839a697b5eb268c82a71bd8c7f6c94d6fd50c3d577fa39a9f1409f5", size = 24835, upload-time = "2025-09-27T18:37:23.296Z" },
    { url = "https://files.pythonhosted.org/packages/26/6a/4bf6d0c97c4920f1597cc14dd720705eca0bf7c787aebc6bb4d1bead5388/markupsafe-3.0.3-cp314-cp314t-musllinux_1_2_riscv64.whl", hash = "sha256:f3e98bb3798ead92273dc0e5fd0f31ade220f59a266ffd8a4f6065e0a3ce0523", size = 22733, upload-time = "2025-09-27T18:37:24.237Z" },
    { url = "https://files.pythonhosted.org/packages/14/c7/ca723101509b518797fedc2fdf79ba57f886b4aca8a7d31857ba3ee8281f/markupsafe-3.0.3-cp314-cp314t-musllinux_1_2_x86_64.whl", hash = "sha256:5678211cb9333a6468fb8d8be0305520aa073f50d17f089b5b4b477ea6e67fdc", size = 23672, upload-time = "2025-09-27T18:37:25.271Z" },
    { url = "https://files.pythonhosted.org/packages/fb/df/5bd7a48c256faecd1d36edc13133e51397e41b73bb77e1a69deab746ebac/markupsafe-3.0.3-cp314-cp314t-win32.whl", hash = "sha256:915c04ba3851909ce68ccc2b8e2cd691618c4dc4c4232fb7982bca3f41fd8c3d", size = 14819, upload-time = "2025-09-27T18:37:26.285Z" },
    { url = "https://files.pythonhosted.org/packages/1a/8a/0402ba61a2f16038b48b39bccca271134be00c5c9f0f623208399333c448/markupsafe-3.0.3-cp314-cp314t-win_amd64.whl", hash = "sha256:4faffd047e07c38848ce017e8725090413cd80cbc23d86e55c587bf979e579c9", size = 15426, upload-time = "2025-09-27T18:37:27.316Z" },
    { url = "https://files.pythonhosted.org/packages/70/bc/6f1c2f612465f5fa89b95bead1f44dcb607670fd42891d8fdcd5d039f4f4/markupsafe-3.0.3-cp314-cp314t-win_arm64.whl", hash = "sha256:32001d6a8fc98c8cb5c947787c5d08b0a50663d139f1305bac5885d98d9b40fa", size = 14146, upload-time = "2025-09-27T18:37:28.327Z" },
]

[[package]]
name = "pyjwt"
version = "2.10.1"
source = { registry = "https://pypi.org/simple" }
sdist = { url = "https://files.pythonhosted.org/packages/e7/46/bd74733ff231675599650d3e47f361794b22ef3e3770998dda30d3b63726/pyjwt-2.10.1.tar.gz", hash = "sha256:3cc5772eb20009233caf06e9d8a0577824723b44e6648ee0a2aedb6cf9381953", size = 87785, upload-time = "2024-11-28T03:43:29.933Z" }
wheels = [
    { url = "https://files.pythonhosted.org/packages/61/ad/689f02752eeec26aed679477e80e632ef1b682313be70793d798c1d5fc8f/PyJWT-2.10.1-py3-none-any.whl", hash = "sha256:dcdd193e30abefd5debf142f9adfcdd2b58004e644f25406ffaebd50bd98dacb", size = 22997, upload-time = "2024-11-28T03:43:27.893Z" },
]

[[package]]
name = "smart-pest-backend"
version = "0.1.0"
source = { virtual = "." }
dependencies = [
    { name = "aiosqlite" },
    { name = "alembic" },
    { name = "bcrypt" },
    { name = "greenlet" },
    { name = "pyjwt" },
    { name = "sqlalchemy" },
]

[package.metadata]
requires-dist = [
    { name = "aiosqlite", specifier = ">=0.22.1" },
    { name = "alembic", specifier = ">=1.18.4" },
    { name = "bcrypt", specifier = "==4.3.0" },
    { name = "greenlet", specifier = ">=3.5.1" },
    { name = "pyjwt", specifier = "==2.10.1" },
    { name = "sqlalchemy", specifier = "==2.0.41" },
]

[[package]]
name = "sqlalchemy"
version = "2.0.41"
source = { registry = "https://pypi.org/simple" }
dependencies = [
    { name = "typing-extensions" },
]
sdist = { url = "https://files.pythonhosted.org/packages/63/66/45b165c595ec89aa7dcc2c1cd222ab269bc753f1fc7a1e68f8481bd957bf/sqlalchemy-2.0.41.tar.gz", hash = "sha256:edba70118c4be3c2b1f90754d308d0b79c6fe2c0fdc52d8ddf603916f83f4db9", size = 9689424, upload-time = "2025-05-14T17:10:32.339Z" }
wheels = [
    { url = "https://files.pythonhosted.org/packages/1c/fc/9ba22f01b5cdacc8f5ed0d22304718d2c758fce3fd49a5372b886a86f37c/sqlalchemy-2.0.41-py3-none-any.whl", hash = "sha256:57df5dc6fdb5ed1a88a1ed2195fd31927e705cad62dedd86b46972752a80f576", size = 1911224, upload-time = "2025-05-14T17:39:42.154Z" },
]

[[package]]
name = "typing-extensions"
version = "4.15.0"
source = { registry = "https://pypi.org/simple" }
sdist = { url = "https://files.pythonhosted.org/packages/72/94/1a15dd82efb362ac84269196e94cf00f187f7ed21c242792a923cdb1c61f/typing_extensions-4.15.0.tar.gz", hash = "sha256:0cea48d173cc12fa28ecabc3b837ea3cf6f38c6d1136f85cbaaf598984861466", size = 109391, upload-time = "2025-08-25T13:49:26.313Z" }
wheels = [
    { url = "https://files.pythonhosted.org/packages/18/67/36e9267722cc04a6b9f15c7f3441c2363321a3ea07da7ae0c0707beb2a9c/typing_extensions-4.15.0-py3-none-any.whl", hash = "sha256:f0fa19c6845758ab08074a0cfa8b7aecb71c999ca73d62883bc25cc018c4e548", size = 44614, upload-time = "2025-08-25T13:49:24.86Z" },
]
